
Microsoft Visual Studio Solution File, Format Version 12.00
# Visual Studio Version 17
VisualStudioVersion = 17.4.33110.190
MinimumVisualStudioVersion = 10.0.40219.1
Project("{FAE04EC0-301F-11D3-BF4B-00C04F79EFBC}") = "TC421", "WinForms\TC421.csproj", "{EF524874-1252-4A61-9B4D-F0BCB024A5F7}"
EndProject
Project("{FAE04EC0-301F-11D3-BF4B-00C04F79EFBC}") = "Core", "Core\Core.csproj", "{7DB2876B-104E-4CE5-AB3E-E051758DF535}"
EndProject
Global
	GlobalSection(SolutionConfigurationPlatforms) = preSolution
		Debug|Any CPU = Debug|Any CPU
		Release|Any CPU = Release|Any CPU
	EndGlobalSection
	GlobalSection(ProjectConfigurationPlatforms) = postSolution
		{EF524874-1252-4A61-9B4D-F0BCB024A5F7}.Debug|Any CPU.ActiveCfg = Debug|Any CPU
		{EF524874-1252-4A61-9B4D-F0BCB024A5F7}.Debug|Any CPU.Build.0 = Debug|Any CPU
		{EF524874-1252-4A61-9B4D-F0BCB024A5F7}.Release|Any CPU.ActiveCfg = Release|Any CPU
		{EF524874-1252-4A61-9B4D-F0BCB024A5F7}.Release|Any CPU.Build.0 = Release|Any CPU
		{7DB2876B-104E-4CE5-AB3E-E051758DF535}.Debug|Any CPU.ActiveCfg = Debug|Any CPU
		{7DB2876B-104E-4CE5-AB3E-E051758DF535}.Debug|Any CPU.Build.0 = Debug|Any CPU
		{7DB2876B-104E-4CE5-AB3E-E051758DF535}.Release|Any CPU.ActiveCfg = Release|Any CPU
		{7DB2876B-104E-4CE5-AB3E-E051758DF535}.Release|Any CPU.Build.0 = Release|Any CPU
	EndGlobalSection
	GlobalSection(SolutionProperties) = preSolution
		HideSolutionNode = FALSE
	EndGlobalSection
	GlobalSection(ExtensibilityGlobals) = postSolution
		SolutionGuid = {15CDA643-FC00-4AE7-9C8A-ACEA47ECA50F}
	EndGlobalSection
EndGlobal
